
Microsoft Visual Studio Solution File, Format Version 12.00
# Visual Studio Version 17
VisualStudioVersion = 17.9.34607.119
MinimumVisualStudioVersion = 10.0.40219.1
Project("{FAE04EC0-301F-11D3-BF4B-00C04F79EFBC}") = "AlgorithmLab2", "AlgorithmLab2\AlgorithmLab2.csproj", "{1166F09C-F22E-4D56-87B3-450FAD941BCC}"
EndProject
Global
	GlobalSection(SolutionConfigurationPlatforms) = preSolution
		Debug|Any CPU = Debug|Any CPU
		Release|Any CPU = Release|Any CPU
	EndGlobalSection
	GlobalSection(ProjectConfigurationPlatforms) = postSolution
		{1166F09C-F22E-4D56-87B3-450FAD941BCC}.Debug|Any CPU.ActiveCfg = Debug|Any CPU
		{1166F09C-F22E-4D56-87B3-450FAD941BCC}.Debug|Any CPU.Build.0 = Debug|Any CPU
		{1166F09C-F22E-4D56-87B3-450FAD941BCC}.Release|Any CPU.ActiveCfg = Release|Any CPU
		{1166F09C-F22E-4D56-87B3-450FAD941BCC}.Release|Any CPU.Build.0 = Release|Any CPU
	EndGlobalSection
	GlobalSection(SolutionProperties) = preSolution
		HideSolutionNode = FALSE
	EndGlobalSection
	GlobalSection(ExtensibilityGlobals) = postSolution
		SolutionGuid = {C353697E-0869-4737-A377-7EBD9EE4C03F}
	EndGlobalSection
EndGlobal
